
Microsoft Visual Studio Solution File, Format Version 12.00
# Visual Studio 15
VisualStudioVersion = 15.0.28307.136
MinimumVisualStudioVersion = 10.0.40219.1
Project("{9A19103F-16F7-4668-BE54-9A1E7A4F7556}") = "Shuttle.Core.System", "Shuttle.Core.System\Shuttle.Core.System.csproj", "{25C622E8-1E8D-4601-B6D3-C7E0664713CA}"
EndProject
Project("{2150E333-8FDC-42A3-9474-1A3956D46DE8}") = "Solution Items", "Solution Items", "{B6715EA6-D445-4C42-A336-E2200BC46147}"
	ProjectSection(SolutionItems) = preProject
		LICENSE = LICENSE
		README.md = README.md
	EndProjectSection
EndProject
Global
	GlobalSection(SolutionConfigurationPlatforms) = preSolution
		Debug|Any CPU = Debug|Any CPU
		Release|Any CPU = Release|Any CPU
	EndGlobalSection
	GlobalSection(ProjectConfigurationPlatforms) = postSolution
		{25C622E8-1E8D-4601-B6D3-C7E0664713CA}.Debug|Any CPU.ActiveCfg = Debug|Any CPU
		{25C622E8-1E8D-4601-B6D3-C7E0664713CA}.Debug|Any CPU.Build.0 = Debug|Any CPU
		{25C622E8-1E8D-4601-B6D3-C7E0664713CA}.Release|Any CPU.ActiveCfg = Release|Any CPU
		{25C622E8-1E8D-4601-B6D3-C7E0664713CA}.Release|Any CPU.Build.0 = Release|Any CPU
	EndGlobalSection
	GlobalSection(SolutionProperties) = preSolution
		HideSolutionNode = FALSE
	EndGlobalSection
	GlobalSection(ExtensibilityGlobals) = postSolution
		SolutionGuid = {0074B5C8-2AFB-4E06-A2B6-354FEB6AF323}
	EndGlobalSection
EndGlobal
